
Microsoft Visual Studio Solution File, Format Version 12.00
# Visual Studio 15
Project("{FAE04EC0-301F-11D3-BF4B-00C04F79EFBC}") = "Unity.Timeline", "Unity.Timeline.csproj", "{024F2D0B-4895-49B5-5EA8-0143704D855F}"
EndProject
Project("{FAE04EC0-301F-11D3-BF4B-00C04F79EFBC}") = "Unity.Timeline.Editor", "Unity.Timeline.Editor.csproj", "{68FC478D-D304-93A3-4D39-319AADA219E9}"
EndProject
Project("{FAE04EC0-301F-11D3-BF4B-00C04F79EFBC}") = "Unity.TextMeshPro.Editor", "Unity.TextMeshPro.Editor.csproj", "{6F8E3B84-B647-E03F-FDA7-61D6B247BEC0}"
EndProject
Project("{FAE04EC0-301F-11D3-BF4B-00C04F79EFBC}") = "Unity.PlasticSCM.Editor", "Unity.PlasticSCM.Editor.csproj", "{ED0CF2E5-DEB3-F2C3-05FB-4ACD786BC645}"
EndProject
Project("{FAE04EC0-301F-11D3-BF4B-00C04F79EFBC}") = "Unity.2D.Aseprite.Editor", "Unity.2D.Aseprite.Editor.csproj", "{9CBC8AFC-4C07-D4CF-D2BE-1048B6C19EA6}"
EndProject
Project("{FAE04EC0-301F-11D3-BF4B-00C04F79EFBC}") = "Unity.VisualScripting.Flow", "Unity.VisualScripting.Flow.csproj", "{42233DF8-BB16-FDDE-CCF6-7CC3DA805B1B}"
EndProject
Project("{FAE04EC0-301F-11D3-BF4B-00C04F79EFBC}") = "Unity.2D.Psdimporter.Editor", "Unity.2D.Psdimporter.Editor.csproj", "{CE76933C-4E2F-CAD9-B904-EB982952668C}"
EndProject
Project("{FAE04EC0-301F-11D3-BF4B-00C04F79EFBC}") = "Unity.InputSystem", "Unity.InputSystem.csproj", "{FFB40A56-6BA8-6543-5208-82D309CD1048}"
EndProject
Project("{FAE04EC0-301F-11D3-BF4B-00C04F79EFBC}") = "Unity.VisualScripting.Core", "Unity.VisualScripting.Core.csproj", "{649B8598-F378-0748-5636-D21C0D0AA6C6}"
EndProject
Project("{FAE04EC0-301F-11D3-BF4B-00C04F79EFBC}") = "Unity.Mathematics", "Unity.Mathematics.csproj", "{C5EE2CA2-4998-BC1B-2646-435DE5C87BC7}"
EndProject
Project("{FAE04EC0-301F-11D3-BF4B-00C04F79EFBC}") = "Unity.2D.Common.Path.Editor", "Unity.2D.Common.Path.Editor.csproj", "{1CFC1487-F4B6-1166-68CA-446C002EBA82}"
EndProject
Project("{FAE04EC0-301F-11D3-BF4B-00C04F79EFBC}") = "Unity.2D.Animation.Editor", "Unity.2D.Animation.Editor.csproj", "{7CECE85E-30A3-86DC-D1BA-5539F94EE820}"
EndProject
Project("{FAE04EC0-301F-11D3-BF4B-00C04F79EFBC}") = "Cinemachine", "Cinemachine.csproj", "{54410D62-3130-CB65-DDC3-FCF56ABF805C}"
EndProject
Project("{FAE04EC0-301F-11D3-BF4B-00C04F79EFBC}") = "Unity.VisualScripting.Core.Editor", "Unity.VisualScripting.Core.Editor.csproj", "{D3033D87-F9E6-229D-6674-37F320144586}"
EndProject
Project("{FAE04EC0-301F-11D3-BF4B-00C04F79EFBC}") = "Unity.2D.IK.Runtime", "Unity.2D.IK.Runtime.csproj", "{A466C9A0-097D-6094-CE9B-CC56817F6F63}"
EndProject
Project("{FAE04EC0-301F-11D3-BF4B-00C04F79EFBC}") = "Unity.VisualScripting.Flow.Editor", "Unity.VisualScripting.Flow.Editor.csproj", "{8562348F-3EFC-563A-07E0-D5B8262E32B8}"
EndProject
Project("{FAE04EC0-301F-11D3-BF4B-00C04F79EFBC}") = "Assembly-CSharp", "Assembly-CSharp.csproj", "{7127607F-C81C-479C-72FA-FFA3175393A2}"
EndProject
Project("{FAE04EC0-301F-11D3-BF4B-00C04F79EFBC}") = "UnityEditor.TestRunner", "UnityEditor.TestRunner.csproj", "{1A58E6F7-8266-550E-2875-D4F58999E0D4}"
EndProject
Project("{FAE04EC0-301F-11D3-BF4B-00C04F79EFBC}") = "Unity.VisualScripting.SettingsProvider.Editor", "Unity.VisualScripting.SettingsProvider.Editor.csproj", "{4C299CCE-5DA1-232B-6F24-8B15BF116E8B}"
EndProject
Project("{FAE04EC0-301F-11D3-BF4B-00C04F79EFBC}") = "UnityEngine.TestRunner", "UnityEngine.TestRunner.csproj", "{466F673B-36C8-9B99-DE9E-F47AE12F652F}"
EndProject
Project("{FAE04EC0-301F-11D3-BF4B-00C04F79EFBC}") = "PsdPlugin", "PsdPlugin.csproj", "{875F64DA-9C09-6133-8909-5D824579C348}"
EndProject
Project("{FAE04EC0-301F-11D3-BF4B-00C04F79EFBC}") = "Unity.Burst", "Unity.Burst.csproj", "{6E4F0502-A64B-BAC2-620F-944453068001}"
EndProject
Project("{FAE04EC0-301F-11D3-BF4B-00C04F79EFBC}") = "Unity.Collections", "Unity.Collections.csproj", "{71F8CFAE-D25E-ADC2-7259-48488111E4E0}"
EndProject
Project("{FAE04EC0-301F-11D3-BF4B-00C04F79EFBC}") = "Unity.2D.SpriteShape.Editor", "Unity.2D.SpriteShape.Editor.csproj", "{EBA507BD-4E62-DE18-397C-04A220EDD610}"
EndProject
Project("{FAE04EC0-301F-11D3-BF4B-00C04F79EFBC}") = "Unity.VisualStudio.Editor", "Unity.VisualStudio.Editor.csproj", "{D1EA6F81-E0AC-6DE7-D092-0FDF64A97D79}"
EndProject
Project("{FAE04EC0-301F-11D3-BF4B-00C04F79EFBC}") = "com.unity.cinemachine.editor", "com.unity.cinemachine.editor.csproj", "{1883C9D9-2585-1604-87B8-13EF0512B2BC}"
EndProject
Project("{FAE04EC0-301F-11D3-BF4B-00C04F79EFBC}") = "Unity.2D.Tilemap.Extras.Editor", "Unity.2D.Tilemap.Extras.Editor.csproj", "{6EAB64D1-496B-F048-8C7C-4714A1E36F54}"
EndProject
Project("{FAE04EC0-301F-11D3-BF4B-00C04F79EFBC}") = "Unity.Rider.Editor", "Unity.Rider.Editor.csproj", "{6223B3EF-1450-8C01-1C9C-57A293D2E4E1}"
EndProject
Project("{FAE04EC0-301F-11D3-BF4B-00C04F79EFBC}") = "Unity.InternalAPIEditorBridge.001", "Unity.InternalAPIEditorBridge.001.csproj", "{E36A7C06-0814-2034-83F4-BD7D62CEC7F7}"
EndProject
Project("{FAE04EC0-301F-11D3-BF4B-00C04F79EFBC}") = "Unity.2D.SpriteShape.Runtime", "Unity.2D.SpriteShape.Runtime.csproj", "{3CF071FF-7DA1-C122-671B-3DECAC2B9BCA}"
EndProject
Project("{FAE04EC0-301F-11D3-BF4B-00C04F79EFBC}") = "Unity.CollabProxy.Editor", "Unity.CollabProxy.Editor.csproj", "{65952130-E42D-A2A3-5BE4-D4B2F0E85314}"
EndProject
Project("{FAE04EC0-301F-11D3-BF4B-00C04F79EFBC}") = "Unity.VisualScripting.State.Editor", "Unity.VisualScripting.State.Editor.csproj", "{C5544633-9DCA-7ABC-F38C-77439308D426}"
EndProject
Project("{FAE04EC0-301F-11D3-BF4B-00C04F79EFBC}") = "Unity.2D.Animation.Runtime", "Unity.2D.Animation.Runtime.csproj", "{9CDF0DD1-7682-5BEE-AB99-12373DE1B1F1}"
EndProject
Project("{FAE04EC0-301F-11D3-BF4B-00C04F79EFBC}") = "Unity.Burst.CodeGen", "Unity.Burst.CodeGen.csproj", "{16164E15-FB3D-51AD-ED90-D93A7441DED0}"
EndProject
Project("{FAE04EC0-301F-11D3-BF4B-00C04F79EFBC}") = "Unity.2D.Tilemap.Extras", "Unity.2D.Tilemap.Extras.csproj", "{998528AA-DEDB-3555-D65B-DBE7BB3FBC08}"
EndProject
Project("{FAE04EC0-301F-11D3-BF4B-00C04F79EFBC}") = "Unity.VisualScripting.State", "Unity.VisualScripting.State.csproj", "{E1838409-E3FD-9B67-0C52-E83A709BDB06}"
EndProject
Project("{FAE04EC0-301F-11D3-BF4B-00C04F79EFBC}") = "Unity.TextMeshPro", "Unity.TextMeshPro.csproj", "{4D0C4031-5172-0329-033E-5A28B5085020}"
EndProject
Project("{FAE04EC0-301F-11D3-BF4B-00C04F79EFBC}") = "Unity.2D.Aseprite.Common", "Unity.2D.Aseprite.Common.csproj", "{9E7A972B-0C16-FB06-EFB9-E637C5223D8B}"
EndProject
Project("{FAE04EC0-301F-11D3-BF4B-00C04F79EFBC}") = "Unity.2D.IK.Editor", "Unity.2D.IK.Editor.csproj", "{09E84140-6C9B-1E8E-F09D-AA3A51913E7D}"
EndProject
Project("{FAE04EC0-301F-11D3-BF4B-00C04F79EFBC}") = "Unity.InternalAPIEngineBridge.001", "Unity.InternalAPIEngineBridge.001.csproj", "{718B9052-7FC4-70EF-D1D3-E5A41A3301AE}"
EndProject
Project("{FAE04EC0-301F-11D3-BF4B-00C04F79EFBC}") = "Unity.Burst.Editor", "Unity.Burst.Editor.csproj", "{99B4362A-DA62-F7C2-F50A-F5168CC4FD78}"
EndProject
Project("{FAE04EC0-301F-11D3-BF4B-00C04F79EFBC}") = "Unity.2D.Common.Editor", "Unity.2D.Common.Editor.csproj", "{F34CCCD3-8DE1-6015-4C55-CA5BEBF7E08A}"
EndProject
Project("{FAE04EC0-301F-11D3-BF4B-00C04F79EFBC}") = "Unity.2D.PixelPerfect", "Unity.2D.PixelPerfect.csproj", "{2F9C68EB-2376-7304-0627-325078721FA7}"
EndProject
Project("{FAE04EC0-301F-11D3-BF4B-00C04F79EFBC}") = "Unity.2D.PixelPerfect.Editor", "Unity.2D.PixelPerfect.Editor.csproj", "{263670CC-B829-2382-EDB9-F8B4913F414B}"
EndProject
Project("{FAE04EC0-301F-11D3-BF4B-00C04F79EFBC}") = "Unity.2D.Common.Runtime", "Unity.2D.Common.Runtime.csproj", "{3E941B06-E1BE-A599-B9E0-D117F094F23B}"
EndProject
Project("{FAE04EC0-301F-11D3-BF4B-00C04F79EFBC}") = "Unity.InputSystem.ForUI", "Unity.InputSystem.ForUI.csproj", "{5670A4ED-7814-3B47-3563-663E78CFCEEE}"
EndProject
Project("{FAE04EC0-301F-11D3-BF4B-00C04F79EFBC}") = "Unity.Mathematics.Editor", "Unity.Mathematics.Editor.csproj", "{CE74D699-4624-C43F-1B09-43B71A87C536}"
EndProject
Project("{FAE04EC0-301F-11D3-BF4B-00C04F79EFBC}") = "Unity.InputSystem.TestFramework", "Unity.InputSystem.TestFramework.csproj", "{F3A97E2B-3F0E-68F7-053F-5EBFF8311650}"
EndProject
Project("{FAE04EC0-301F-11D3-BF4B-00C04F79EFBC}") = "Unity.Collections.BurstCompatibilityGen", "Unity.Collections.BurstCompatibilityGen.csproj", "{8313A013-8184-61CC-8567-C0972C2B56B9}"
EndProject
Project("{FAE04EC0-301F-11D3-BF4B-00C04F79EFBC}") = "Unity.InternalAPIEditorBridge.005", "Unity.InternalAPIEditorBridge.005.csproj", "{726B2DCC-F4D6-CF81-D905-4E622CBFB31E}"
EndProject
Project("{FAE04EC0-301F-11D3-BF4B-00C04F79EFBC}") = "Unity.VisualScripting.Shared.Editor", "Unity.VisualScripting.Shared.Editor.csproj", "{2F8B179A-A84D-9881-4754-FE947E2E5A22}"
EndProject
Project("{FAE04EC0-301F-11D3-BF4B-00C04F79EFBC}") = "Unity.Collections.DocCodeSamples", "Unity.Collections.DocCodeSamples.csproj", "{9B1B206B-29F2-DB3F-42DB-360512434A8E}"
EndProject
Project("{FAE04EC0-301F-11D3-BF4B-00C04F79EFBC}") = "Unity.Timeline", "Unity.Timeline.Player.csproj", "{8472786E-7AB9-F4F7-FDE1-8468FD3B4932}"
EndProject
Project("{FAE04EC0-301F-11D3-BF4B-00C04F79EFBC}") = "Unity.VisualScripting.Flow", "Unity.VisualScripting.Flow.Player.csproj", "{641B87E6-192F-066B-9A56-58DCDF3CCEE2}"
EndProject
Project("{FAE04EC0-301F-11D3-BF4B-00C04F79EFBC}") = "Unity.InputSystem", "Unity.InputSystem.Player.csproj", "{E5BD8421-DB99-EC91-42DB-5DDDD5627840}"
EndProject
Project("{FAE04EC0-301F-11D3-BF4B-00C04F79EFBC}") = "Unity.VisualScripting.Core", "Unity.VisualScripting.Core.Player.csproj", "{14B63634-C8AD-380B-C0C0-52768C0DD36B}"
EndProject
Project("{FAE04EC0-301F-11D3-BF4B-00C04F79EFBC}") = "Unity.Mathematics", "Unity.Mathematics.Player.csproj", "{A3589F1C-63E3-6D2E-F53D-56039CDA5B41}"
EndProject
Project("{FAE04EC0-301F-11D3-BF4B-00C04F79EFBC}") = "Cinemachine", "Cinemachine.Player.csproj", "{2D6F113C-608F-45BB-11C9-8A0E54F3F172}"
EndProject
Project("{FAE04EC0-301F-11D3-BF4B-00C04F79EFBC}") = "Unity.2D.IK.Runtime", "Unity.2D.IK.Runtime.Player.csproj", "{CD004318-AEBE-8980-0362-FB3C928F7798}"
EndProject
Project("{FAE04EC0-301F-11D3-BF4B-00C04F79EFBC}") = "Assembly-CSharp", "Assembly-CSharp.Player.csproj", "{5DD62DAD-563D-A872-88C7-EC95D1B73A4A}"
EndProject
Project("{FAE04EC0-301F-11D3-BF4B-00C04F79EFBC}") = "UnityEngine.TestRunner", "UnityEngine.TestRunner.Player.csproj", "{E2AC32C5-E666-0C8E-F73C-331324B49486}"
EndProject
Project("{FAE04EC0-301F-11D3-BF4B-00C04F79EFBC}") = "Unity.Burst", "Unity.Burst.Player.csproj", "{6A75D71D-DF65-ADD2-6D3A-4CD3C14615BF}"
EndProject
Project("{FAE04EC0-301F-11D3-BF4B-00C04F79EFBC}") = "Unity.Collections", "Unity.Collections.Player.csproj", "{596961D4-2E8D-17CC-C46C-D3BE4936FDC4}"
EndProject
Project("{FAE04EC0-301F-11D3-BF4B-00C04F79EFBC}") = "Unity.2D.SpriteShape.Runtime", "Unity.2D.SpriteShape.Runtime.Player.csproj", "{AF45F06E-0044-6F44-7797-4A36A5E32F54}"
EndProject
Project("{FAE04EC0-301F-11D3-BF4B-00C04F79EFBC}") = "Unity.2D.Animation.Runtime", "Unity.2D.Animation.Runtime.Player.csproj", "{F32E953B-60E2-1841-8B88-705F09ED1909}"
EndProject
Project("{FAE04EC0-301F-11D3-BF4B-00C04F79EFBC}") = "Unity.2D.Tilemap.Extras", "Unity.2D.Tilemap.Extras.Player.csproj", "{97421D2F-07C4-CEF1-8AE1-CF1099A04203}"
EndProject
Project("{FAE04EC0-301F-11D3-BF4B-00C04F79EFBC}") = "Unity.VisualScripting.State", "Unity.VisualScripting.State.Player.csproj", "{640A31F0-0362-6356-74E3-632BFB03A626}"
EndProject
Project("{FAE04EC0-301F-11D3-BF4B-00C04F79EFBC}") = "Unity.TextMeshPro", "Unity.TextMeshPro.Player.csproj", "{54A68207-1216-D43B-7667-A4A8EC138261}"
EndProject
Project("{FAE04EC0-301F-11D3-BF4B-00C04F79EFBC}") = "Unity.InternalAPIEngineBridge.001", "Unity.InternalAPIEngineBridge.001.Player.csproj", "{650D541B-F1D1-DA73-8C66-7C05953AEA87}"
EndProject
Project("{FAE04EC0-301F-11D3-BF4B-00C04F79EFBC}") = "Unity.2D.PixelPerfect", "Unity.2D.PixelPerfect.Player.csproj", "{BEB32D99-8E50-C4E8-ACFC-71A442BA1345}"
EndProject
Project("{FAE04EC0-301F-11D3-BF4B-00C04F79EFBC}") = "Unity.2D.Common.Runtime", "Unity.2D.Common.Runtime.Player.csproj", "{A119C517-B7E2-09A0-1AEA-5CA8F9A78E25}"
EndProject
Project("{FAE04EC0-301F-11D3-BF4B-00C04F79EFBC}") = "Unity.InputSystem.ForUI", "Unity.InputSystem.ForUI.Player.csproj", "{8BBE0F9A-95A2-6D80-B675-9D7C33A90702}"
EndProject
Project("{FAE04EC0-301F-11D3-BF4B-00C04F79EFBC}") = "Unity.InputSystem.TestFramework", "Unity.InputSystem.TestFramework.Player.csproj", "{A8ADAD09-05D2-16AF-3A01-3CCD396B0939}"
EndProject
Global
	GlobalSection(SolutionConfigurationPlatforms) = preSolution
		Debug|Any CPU = Debug|Any CPU
		Release|Any CPU = Release|Any CPU
	EndGlobalSection
	GlobalSection(ProjectConfigurationPlatforms) = postSolution
		{024F2D0B-4895-49B5-5EA8-0143704D855F}.Debug|Any CPU.ActiveCfg = Debug|Any CPU
		{024F2D0B-4895-49B5-5EA8-0143704D855F}.Debug|Any CPU.Build.0 = Debug|Any CPU
		{024F2D0B-4895-49B5-5EA8-0143704D855F}.Release|Any CPU.ActiveCfg = Release|Any CPU
		{024F2D0B-4895-49B5-5EA8-0143704D855F}.Release|Any CPU.Build.0 = Release|Any CPU
		{68FC478D-D304-93A3-4D39-319AADA219E9}.Debug|Any CPU.ActiveCfg = Debug|Any CPU
		{68FC478D-D304-93A3-4D39-319AADA219E9}.Debug|Any CPU.Build.0 = Debug|Any CPU
		{68FC478D-D304-93A3-4D39-319AADA219E9}.Release|Any CPU.ActiveCfg = Release|Any CPU
		{68FC478D-D304-93A3-4D39-319AADA219E9}.Release|Any CPU.Build.0 = Release|Any CPU
		{6F8E3B84-B647-E03F-FDA7-61D6B247BEC0}.Debug|Any CPU.ActiveCfg = Debug|Any CPU
		{6F8E3B84-B647-E03F-FDA7-61D6B247BEC0}.Debug|Any CPU.Build.0 = Debug|Any CPU
		{6F8E3B84-B647-E03F-FDA7-61D6B247BEC0}.Release|Any CPU.ActiveCfg = Release|Any CPU
		{6F8E3B84-B647-E03F-FDA7-61D6B247BEC0}.Release|Any CPU.Build.0 = Release|Any CPU
		{ED0CF2E5-DEB3-F2C3-05FB-4ACD786BC645}.Debug|Any CPU.ActiveCfg = Debug|Any CPU
		{ED0CF2E5-DEB3-F2C3-05FB-4ACD786BC645}.Debug|Any CPU.Build.0 = Debug|Any CPU
		{ED0CF2E5-DEB3-F2C3-05FB-4ACD786BC645}.Release|Any CPU.ActiveCfg = Release|Any CPU
		{ED0CF2E5-DEB3-F2C3-05FB-4ACD786BC645}.Release|Any CPU.Build.0 = Release|Any CPU
		{9CBC8AFC-4C07-D4CF-D2BE-1048B6C19EA6}.Debug|Any CPU.ActiveCfg = Debug|Any CPU
		{9CBC8AFC-4C07-D4CF-D2BE-1048B6C19EA6}.Debug|Any CPU.Build.0 = Debug|Any CPU
		{9CBC8AFC-4C07-D4CF-D2BE-1048B6C19EA6}.Release|Any CPU.ActiveCfg = Release|Any CPU
		{9CBC8AFC-4C07-D4CF-D2BE-1048B6C19EA6}.Release|Any CPU.Build.0 = Release|Any CPU
		{42233DF8-BB16-FDDE-CCF6-7CC3DA805B1B}.Debug|Any CPU.ActiveCfg = Debug|Any CPU
		{42233DF8-BB16-FDDE-CCF6-7CC3DA805B1B}.Debug|Any CPU.Build.0 = Debug|Any CPU
		{42233DF8-BB16-FDDE-CCF6-7CC3DA805B1B}.Release|Any CPU.ActiveCfg = Release|Any CPU
		{42233DF8-BB16-FDDE-CCF6-7CC3DA805B1B}.Release|Any CPU.Build.0 = Release|Any CPU
		{CE76933C-4E2F-CAD9-B904-EB982952668C}.Debug|Any CPU.ActiveCfg = Debug|Any CPU
		{CE76933C-4E2F-CAD9-B904-EB982952668C}.Debug|Any CPU.Build.0 = Debug|Any CPU
		{CE76933C-4E2F-CAD9-B904-EB982952668C}.Release|Any CPU.ActiveCfg = Release|Any CPU
		{CE76933C-4E2F-CAD9-B904-EB982952668C}.Release|Any CPU.Build.0 = Release|Any CPU
		{FFB40A56-6BA8-6543-5208-82D309CD1048}.Debug|Any CPU.ActiveCfg = Debug|Any CPU
		{FFB40A56-6BA8-6543-5208-82D309CD1048}.Debug|Any CPU.Build.0 = Debug|Any CPU
		{FFB40A56-6BA8-6543-5208-82D309CD1048}.Release|Any CPU.ActiveCfg = Release|Any CPU
		{FFB40A56-6BA8-6543-5208-82D309CD1048}.Release|Any CPU.Build.0 = Release|Any CPU
		{649B8598-F378-0748-5636-D21C0D0AA6C6}.Debug|Any CPU.ActiveCfg = Debug|Any CPU
		{649B8598-F378-0748-5636-D21C0D0AA6C6}.Debug|Any CPU.Build.0 = Debug|Any CPU
		{649B8598-F378-0748-5636-D21C0D0AA6C6}.Release|Any CPU.ActiveCfg = Release|Any CPU
		{649B8598-F378-0748-5636-D21C0D0AA6C6}.Release|Any CPU.Build.0 = Release|Any CPU
		{C5EE2CA2-4998-BC1B-2646-435DE5C87BC7}.Debug|Any CPU.ActiveCfg = Debug|Any CPU
		{C5EE2CA2-4998-BC1B-2646-435DE5C87BC7}.Debug|Any CPU.Build.0 = Debug|Any CPU
		{C5EE2CA2-4998-BC1B-2646-435DE5C87BC7}.Release|Any CPU.ActiveCfg = Release|Any CPU
		{C5EE2CA2-4998-BC1B-2646-435DE5C87BC7}.Release|Any CPU.Build.0 = Release|Any CPU
		{1CFC1487-F4B6-1166-68CA-446C002EBA82}.Debug|Any CPU.ActiveCfg = Debug|Any CPU
		{1CFC1487-F4B6-1166-68CA-446C002EBA82}.Debug|Any CPU.Build.0 = Debug|Any CPU
		{1CFC1487-F4B6-1166-68CA-446C002EBA82}.Release|Any CPU.ActiveCfg = Release|Any CPU
		{1CFC1487-F4B6-1166-68CA-446C002EBA82}.Release|Any CPU.Build.0 = Release|Any CPU
		{7CECE85E-30A3-86DC-D1BA-5539F94EE820}.Debug|Any CPU.ActiveCfg = Debug|Any CPU
		{7CECE85E-30A3-86DC-D1BA-5539F94EE820}.Debug|Any CPU.Build.0 = Debug|Any CPU
		{7CECE85E-30A3-86DC-D1BA-5539F94EE820}.Release|Any CPU.ActiveCfg = Release|Any CPU
		{7CECE85E-30A3-86DC-D1BA-5539F94EE820}.Release|Any CPU.Build.0 = Release|Any CPU
		{54410D62-3130-CB65-DDC3-FCF56ABF805C}.Debug|Any CPU.ActiveCfg = Debug|Any CPU
		{54410D62-3130-CB65-DDC3-FCF56ABF805C}.Debug|Any CPU.Build.0 = Debug|Any CPU
		{54410D62-3130-CB65-DDC3-FCF56ABF805C}.Release|Any CPU.ActiveCfg = Release|Any CPU
		{54410D62-3130-CB65-DDC3-FCF56ABF805C}.Release|Any CPU.Build.0 = Release|Any CPU
		{D3033D87-F9E6-229D-6674-37F320144586}.Debug|Any CPU.ActiveCfg = Debug|Any CPU
		{D3033D87-F9E6-229D-6674-37F320144586}.Debug|Any CPU.Build.0 = Debug|Any CPU
		{D3033D87-F9E6-229D-6674-37F320144586}.Release|Any CPU.ActiveCfg = Release|Any CPU
		{D3033D87-F9E6-229D-6674-37F320144586}.Release|Any CPU.Build.0 = Release|Any CPU
		{A466C9A0-097D-6094-CE9B-CC56817F6F63}.Debug|Any CPU.ActiveCfg = Debug|Any CPU
		{A466C9A0-097D-6094-CE9B-CC56817F6F63}.Debug|Any CPU.Build.0 = Debug|Any CPU
		{A466C9A0-097D-6094-CE9B-CC56817F6F63}.Release|Any CPU.ActiveCfg = Release|Any CPU
		{A466C9A0-097D-6094-CE9B-CC56817F6F63}.Release|Any CPU.Build.0 = Release|Any CPU
		{8562348F-3EFC-563A-07E0-D5B8262E32B8}.Debug|Any CPU.ActiveCfg = Debug|Any CPU
		{8562348F-3EFC-563A-07E0-D5B8262E32B8}.Debug|Any CPU.Build.0 = Debug|Any CPU
		{8562348F-3EFC-563A-07E0-D5B8262E32B8}.Release|Any CPU.ActiveCfg = Release|Any CPU
		{8562348F-3EFC-563A-07E0-D5B8262E32B8}.Release|Any CPU.Build.0 = Release|Any CPU
		{7127607F-C81C-479C-72FA-FFA3175393A2}.Debug|Any CPU.ActiveCfg = Debug|Any CPU
		{7127607F-C81C-479C-72FA-FFA3175393A2}.Debug|Any CPU.Build.0 = Debug|Any CPU
		{7127607F-C81C-479C-72FA-FFA3175393A2}.Release|Any CPU.ActiveCfg = Release|Any CPU
		{7127607F-C81C-479C-72FA-FFA3175393A2}.Release|Any CPU.Build.0 = Release|Any CPU
		{1A58E6F7-8266-550E-2875-D4F58999E0D4}.Debug|Any CPU.ActiveCfg = Debug|Any CPU
		{1A58E6F7-8266-550E-2875-D4F58999E0D4}.Debug|Any CPU.Build.0 = Debug|Any CPU
		{1A58E6F7-8266-550E-2875-D4F58999E0D4}.Release|Any CPU.ActiveCfg = Release|Any CPU
		{1A58E6F7-8266-550E-2875-D4F58999E0D4}.Release|Any CPU.Build.0 = Release|Any CPU
		{4C299CCE-5DA1-232B-6F24-8B15BF116E8B}.Debug|Any CPU.ActiveCfg = Debug|Any CPU
		{4C299CCE-5DA1-232B-6F24-8B15BF116E8B}.Debug|Any CPU.Build.0 = Debug|Any CPU
		{4C299CCE-5DA1-232B-6F24-8B15BF116E8B}.Release|Any CPU.ActiveCfg = Release|Any CPU
		{4C299CCE-5DA1-232B-6F24-8B15BF116E8B}.Release|Any CPU.Build.0 = Release|Any CPU
		{466F673B-36C8-9B99-DE9E-F47AE12F652F}.Debug|Any CPU.ActiveCfg = Debug|Any CPU
		{466F673B-36C8-9B99-DE9E-F47AE12F652F}.Debug|Any CPU.Build.0 = Debug|Any CPU
		{466F673B-36C8-9B99-DE9E-F47AE12F652F}.Release|Any CPU.ActiveCfg = Release|Any CPU
		{466F673B-36C8-9B99-DE9E-F47AE12F652F}.Release|Any CPU.Build.0 = Release|Any CPU
		{875F64DA-9C09-6133-8909-5D824579C348}.Debug|Any CPU.ActiveCfg = Debug|Any CPU
		{875F64DA-9C09-6133-8909-5D824579C348}.Debug|Any CPU.Build.0 = Debug|Any CPU
		{875F64DA-9C09-6133-8909-5D824579C348}.Release|Any CPU.ActiveCfg = Release|Any CPU
		{875F64DA-9C09-6133-8909-5D824579C348}.Release|Any CPU.Build.0 = Release|Any CPU
		{6E4F0502-A64B-BAC2-620F-944453068001}.Debug|Any CPU.ActiveCfg = Debug|Any CPU
		{6E4F0502-A64B-BAC2-620F-944453068001}.Debug|Any CPU.Build.0 = Debug|Any CPU
		{6E4F0502-A64B-BAC2-620F-944453068001}.Release|Any CPU.ActiveCfg = Release|Any CPU
		{6E4F0502-A64B-BAC2-620F-944453068001}.Release|Any CPU.Build.0 = Release|Any CPU
		{71F8CFAE-D25E-ADC2-7259-48488111E4E0}.Debug|Any CPU.ActiveCfg = Debug|Any CPU
		{71F8CFAE-D25E-ADC2-7259-48488111E4E0}.Debug|Any CPU.Build.0 = Debug|Any CPU
		{71F8CFAE-D25E-ADC2-7259-48488111E4E0}.Release|Any CPU.ActiveCfg = Release|Any CPU
		{71F8CFAE-D25E-ADC2-7259-48488111E4E0}.Release|Any CPU.Build.0 = Release|Any CPU
		{EBA507BD-4E62-DE18-397C-04A220EDD610}.Debug|Any CPU.ActiveCfg = Debug|Any CPU
		{EBA507BD-4E62-DE18-397C-04A220EDD610}.Debug|Any CPU.Build.0 = Debug|Any CPU
		{EBA507BD-4E62-DE18-397C-04A220EDD610}.Release|Any CPU.ActiveCfg = Release|Any CPU
		{EBA507BD-4E62-DE18-397C-04A220EDD610}.Release|Any CPU.Build.0 = Release|Any CPU
		{D1EA6F81-E0AC-6DE7-D092-0FDF64A97D79}.Debug|Any CPU.ActiveCfg = Debug|Any CPU
		{D1EA6F81-E0AC-6DE7-D092-0FDF64A97D79}.Debug|Any CPU.Build.0 = Debug|Any CPU
		{D1EA6F81-E0AC-6DE7-D092-0FDF64A97D79}.Release|Any CPU.ActiveCfg = Release|Any CPU
		{D1EA6F81-E0AC-6DE7-D092-0FDF64A97D79}.Release|Any CPU.Build.0 = Release|Any CPU
		{1883C9D9-2585-1604-87B8-13EF0512B2BC}.Debug|Any CPU.ActiveCfg = Debug|Any CPU
		{1883C9D9-2585-1604-87B8-13EF0512B2BC}.Debug|Any CPU.Build.0 = Debug|Any CPU
		{1883C9D9-2585-1604-87B8-13EF0512B2BC}.Release|Any CPU.ActiveCfg = Release|Any CPU
		{1883C9D9-2585-1604-87B8-13EF0512B2BC}.Release|Any CPU.Build.0 = Release|Any CPU
		{6EAB64D1-496B-F048-8C7C-4714A1E36F54}.Debug|Any CPU.ActiveCfg = Debug|Any CPU
		{6EAB64D1-496B-F048-8C7C-4714A1E36F54}.Debug|Any CPU.Build.0 = Debug|Any CPU
		{6EAB64D1-496B-F048-8C7C-4714A1E36F54}.Release|Any CPU.ActiveCfg = Release|Any CPU
		{6EAB64D1-496B-F048-8C7C-4714A1E36F54}.Release|Any CPU.Build.0 = Release|Any CPU
		{6223B3EF-1450-8C01-1C9C-57A293D2E4E1}.Debug|Any CPU.ActiveCfg = Debug|Any CPU
		{6223B3EF-1450-8C01-1C9C-57A293D2E4E1}.Debug|Any CPU.Build.0 = Debug|Any CPU
		{6223B3EF-1450-8C01-1C9C-57A293D2E4E1}.Release|Any CPU.ActiveCfg = Release|Any CPU
		{6223B3EF-1450-8C01-1C9C-57A293D2E4E1}.Release|Any CPU.Build.0 = Release|Any CPU
		{E36A7C06-0814-2034-83F4-BD7D62CEC7F7}.Debug|Any CPU.ActiveCfg = Debug|Any CPU
		{E36A7C06-0814-2034-83F4-BD7D62CEC7F7}.Debug|Any CPU.Build.0 = Debug|Any CPU
		{E36A7C06-0814-2034-83F4-BD7D62CEC7F7}.Release|Any CPU.ActiveCfg = Release|Any CPU
		{E36A7C06-0814-2034-83F4-BD7D62CEC7F7}.Release|Any CPU.Build.0 = Release|Any CPU
		{3CF071FF-7DA1-C122-671B-3DECAC2B9BCA}.Debug|Any CPU.ActiveCfg = Debug|Any CPU
		{3CF071FF-7DA1-C122-671B-3DECAC2B9BCA}.Debug|Any CPU.Build.0 = Debug|Any CPU
		{3CF071FF-7DA1-C122-671B-3DECAC2B9BCA}.Release|Any CPU.ActiveCfg = Release|Any CPU
		{3CF071FF-7DA1-C122-671B-3DECAC2B9BCA}.Release|Any CPU.Build.0 = Release|Any CPU
		{65952130-E42D-A2A3-5BE4-D4B2F0E85314}.Debug|Any CPU.ActiveCfg = Debug|Any CPU
		{65952130-E42D-A2A3-5BE4-D4B2F0E85314}.Debug|Any CPU.Build.0 = Debug|Any CPU
		{65952130-E42D-A2A3-5BE4-D4B2F0E85314}.Release|Any CPU.ActiveCfg = Release|Any CPU
		{65952130-E42D-A2A3-5BE4-D4B2F0E85314}.Release|Any CPU.Build.0 = Release|Any CPU
		{C5544633-9DCA-7ABC-F38C-77439308D426}.Debug|Any CPU.ActiveCfg = Debug|Any CPU
		{C5544633-9DCA-7ABC-F38C-77439308D426}.Debug|Any CPU.Build.0 = Debug|Any CPU
		{C5544633-9DCA-7ABC-F38C-77439308D426}.Release|Any CPU.ActiveCfg = Release|Any CPU
		{C5544633-9DCA-7ABC-F38C-77439308D426}.Release|Any CPU.Build.0 = Release|Any CPU
		{9CDF0DD1-7682-5BEE-AB99-12373DE1B1F1}.Debug|Any CPU.ActiveCfg = Debug|Any CPU
		{9CDF0DD1-7682-5BEE-AB99-12373DE1B1F1}.Debug|Any CPU.Build.0 = Debug|Any CPU
		{9CDF0DD1-7682-5BEE-AB99-12373DE1B1F1}.Release|Any CPU.ActiveCfg = Release|Any CPU
		{9CDF0DD1-7682-5BEE-AB99-12373DE1B1F1}.Release|Any CPU.Build.0 = Release|Any CPU
		{16164E15-FB3D-51AD-ED90-D93A7441DED0}.Debug|Any CPU.ActiveCfg = Debug|Any CPU
		{16164E15-FB3D-51AD-ED90-D93A7441DED0}.Debug|Any CPU.Build.0 = Debug|Any CPU
		{16164E15-FB3D-51AD-ED90-D93A7441DED0}.Release|Any CPU.ActiveCfg = Release|Any CPU
		{16164E15-FB3D-51AD-ED90-D93A7441DED0}.Release|Any CPU.Build.0 = Release|Any CPU
		{998528AA-DEDB-3555-D65B-DBE7BB3FBC08}.Debug|Any CPU.ActiveCfg = Debug|Any CPU
		{998528AA-DEDB-3555-D65B-DBE7BB3FBC08}.Debug|Any CPU.Build.0 = Debug|Any CPU
		{998528AA-DEDB-3555-D65B-DBE7BB3FBC08}.Release|Any CPU.ActiveCfg = Release|Any CPU
		{998528AA-DEDB-3555-D65B-DBE7BB3FBC08}.Release|Any CPU.Build.0 = Release|Any CPU
		{E1838409-E3FD-9B67-0C52-E83A709BDB06}.Debug|Any CPU.ActiveCfg = Debug|Any CPU
		{E1838409-E3FD-9B67-0C52-E83A709BDB06}.Debug|Any CPU.Build.0 = Debug|Any CPU
		{E1838409-E3FD-9B67-0C52-E83A709BDB06}.Release|Any CPU.ActiveCfg = Release|Any CPU
		{E1838409-E3FD-9B67-0C52-E83A709BDB06}.Release|Any CPU.Build.0 = Release|Any CPU
		{4D0C4031-5172-0329-033E-5A28B5085020}.Debug|Any CPU.ActiveCfg = Debug|Any CPU
		{4D0C4031-5172-0329-033E-5A28B5085020}.Debug|Any CPU.Build.0 = Debug|Any CPU
		{4D0C4031-5172-0329-033E-5A28B5085020}.Release|Any CPU.ActiveCfg = Release|Any CPU
		{4D0C4031-5172-0329-033E-5A28B5085020}.Release|Any CPU.Build.0 = Release|Any CPU
		{9E7A972B-0C16-FB06-EFB9-E637C5223D8B}.Debug|Any CPU.ActiveCfg = Debug|Any CPU
		{9E7A972B-0C16-FB06-EFB9-E637C5223D8B}.Debug|Any CPU.Build.0 = Debug|Any CPU
		{9E7A972B-0C16-FB06-EFB9-E637C5223D8B}.Release|Any CPU.ActiveCfg = Release|Any CPU
		{9E7A972B-0C16-FB06-EFB9-E637C5223D8B}.Release|Any CPU.Build.0 = Release|Any CPU
		{09E84140-6C9B-1E8E-F09D-AA3A51913E7D}.Debug|Any CPU.ActiveCfg = Debug|Any CPU
		{09E84140-6C9B-1E8E-F09D-AA3A51913E7D}.Debug|Any CPU.Build.0 = Debug|Any CPU
		{09E84140-6C9B-1E8E-F09D-AA3A51913E7D}.Release|Any CPU.ActiveCfg = Release|Any CPU
		{09E84140-6C9B-1E8E-F09D-AA3A51913E7D}.Release|Any CPU.Build.0 = Release|Any CPU
		{718B9052-7FC4-70EF-D1D3-E5A41A3301AE}.Debug|Any CPU.ActiveCfg = Debug|Any CPU
		{718B9052-7FC4-70EF-D1D3-E5A41A3301AE}.Debug|Any CPU.Build.0 = Debug|Any CPU
		{718B9052-7FC4-70EF-D1D3-E5A41A3301AE}.Release|Any CPU.ActiveCfg = Release|Any CPU
		{718B9052-7FC4-70EF-D1D3-E5A41A3301AE}.Release|Any CPU.Build.0 = Release|Any CPU
		{99B4362A-DA62-F7C2-F50A-F5168CC4FD78}.Debug|Any CPU.ActiveCfg = Debug|Any CPU
		{99B4362A-DA62-F7C2-F50A-F5168CC4FD78}.Debug|Any CPU.Build.0 = Debug|Any CPU
		{99B4362A-DA62-F7C2-F50A-F5168CC4FD78}.Release|Any CPU.ActiveCfg = Release|Any CPU
		{99B4362A-DA62-F7C2-F50A-F5168CC4FD78}.Release|Any CPU.Build.0 = Release|Any CPU
		{F34CCCD3-8DE1-6015-4C55-CA5BEBF7E08A}.Debug|Any CPU.ActiveCfg = Debug|Any CPU
		{F34CCCD3-8DE1-6015-4C55-CA5BEBF7E08A}.Debug|Any CPU.Build.0 = Debug|Any CPU
		{F34CCCD3-8DE1-6015-4C55-CA5BEBF7E08A}.Release|Any CPU.ActiveCfg = Release|Any CPU
		{F34CCCD3-8DE1-6015-4C55-CA5BEBF7E08A}.Release|Any CPU.Build.0 = Release|Any CPU
		{2F9C68EB-2376-7304-0627-325078721FA7}.Debug|Any CPU.ActiveCfg = Debug|Any CPU
		{2F9C68EB-2376-7304-0627-325078721FA7}.Debug|Any CPU.Build.0 = Debug|Any CPU
		{2F9C68EB-2376-7304-0627-325078721FA7}.Release|Any CPU.ActiveCfg = Release|Any CPU
		{2F9C68EB-2376-7304-0627-325078721FA7}.Release|Any CPU.Build.0 = Release|Any CPU
		{263670CC-B829-2382-EDB9-F8B4913F414B}.Debug|Any CPU.ActiveCfg = Debug|Any CPU
		{263670CC-B829-2382-EDB9-F8B4913F414B}.Debug|Any CPU.Build.0 = Debug|Any CPU
		{263670CC-B829-2382-EDB9-F8B4913F414B}.Release|Any CPU.ActiveCfg = Release|Any CPU
		{263670CC-B829-2382-EDB9-F8B4913F414B}.Release|Any CPU.Build.0 = Release|Any CPU
		{3E941B06-E1BE-A599-B9E0-D117F094F23B}.Debug|Any CPU.ActiveCfg = Debug|Any CPU
		{3E941B06-E1BE-A599-B9E0-D117F094F23B}.Debug|Any CPU.Build.0 = Debug|Any CPU
		{3E941B06-E1BE-A599-B9E0-D117F094F23B}.Release|Any CPU.ActiveCfg = Release|Any CPU
		{3E941B06-E1BE-A599-B9E0-D117F094F23B}.Release|Any CPU.Build.0 = Release|Any CPU
		{5670A4ED-7814-3B47-3563-663E78CFCEEE}.Debug|Any CPU.ActiveCfg = Debug|Any CPU
		{5670A4ED-7814-3B47-3563-663E78CFCEEE}.Debug|Any CPU.Build.0 = Debug|Any CPU
		{5670A4ED-7814-3B47-3563-663E78CFCEEE}.Release|Any CPU.ActiveCfg = Release|Any CPU
		{5670A4ED-7814-3B47-3563-663E78CFCEEE}.Release|Any CPU.Build.0 = Release|Any CPU
		{CE74D699-4624-C43F-1B09-43B71A87C536}.Debug|Any CPU.ActiveCfg = Debug|Any CPU
		{CE74D699-4624-C43F-1B09-43B71A87C536}.Debug|Any CPU.Build.0 = Debug|Any CPU
		{CE74D699-4624-C43F-1B09-43B71A87C536}.Release|Any CPU.ActiveCfg = Release|Any CPU
		{CE74D699-4624-C43F-1B09-43B71A87C536}.Release|Any CPU.Build.0 = Release|Any CPU
		{F3A97E2B-3F0E-68F7-053F-5EBFF8311650}.Debug|Any CPU.ActiveCfg = Debug|Any CPU
		{F3A97E2B-3F0E-68F7-053F-5EBFF8311650}.Debug|Any CPU.Build.0 = Debug|Any CPU
		{F3A97E2B-3F0E-68F7-053F-5EBFF8311650}.Release|Any CPU.ActiveCfg = Release|Any CPU
		{F3A97E2B-3F0E-68F7-053F-5EBFF8311650}.Release|Any CPU.Build.0 = Release|Any CPU
		{8313A013-8184-61CC-8567-C0972C2B56B9}.Debug|Any CPU.ActiveCfg = Debug|Any CPU
		{8313A013-8184-61CC-8567-C0972C2B56B9}.Debug|Any CPU.Build.0 = Debug|Any CPU
		{8313A013-8184-61CC-8567-C0972C2B56B9}.Release|Any CPU.ActiveCfg = Release|Any CPU
		{8313A013-8184-61CC-8567-C0972C2B56B9}.Release|Any CPU.Build.0 = Release|Any CPU
		{726B2DCC-F4D6-CF81-D905-4E622CBFB31E}.Debug|Any CPU.ActiveCfg = Debug|Any CPU
		{726B2DCC-F4D6-CF81-D905-4E622CBFB31E}.Debug|Any CPU.Build.0 = Debug|Any CPU
		{726B2DCC-F4D6-CF81-D905-4E622CBFB31E}.Release|Any CPU.ActiveCfg = Release|Any CPU
		{726B2DCC-F4D6-CF81-D905-4E622CBFB31E}.Release|Any CPU.Build.0 = Release|Any CPU
		{2F8B179A-A84D-9881-4754-FE947E2E5A22}.Debug|Any CPU.ActiveCfg = Debug|Any CPU
		{2F8B179A-A84D-9881-4754-FE947E2E5A22}.Debug|Any CPU.Build.0 = Debug|Any CPU
		{2F8B179A-A84D-9881-4754-FE947E2E5A22}.Release|Any CPU.ActiveCfg = Release|Any CPU
		{2F8B179A-A84D-9881-4754-FE947E2E5A22}.Release|Any CPU.Build.0 = Release|Any CPU
		{9B1B206B-29F2-DB3F-42DB-360512434A8E}.Debug|Any CPU.ActiveCfg = Debug|Any CPU
		{9B1B206B-29F2-DB3F-42DB-360512434A8E}.Debug|Any CPU.Build.0 = Debug|Any CPU
		{9B1B206B-29F2-DB3F-42DB-360512434A8E}.Release|Any CPU.ActiveCfg = Release|Any CPU
		{9B1B206B-29F2-DB3F-42DB-360512434A8E}.Release|Any CPU.Build.0 = Release|Any CPU
		{8472786E-7AB9-F4F7-FDE1-8468FD3B4932}.Debug|Any CPU.ActiveCfg = Debug|Any CPU
		{8472786E-7AB9-F4F7-FDE1-8468FD3B4932}.Debug|Any CPU.Build.0 = Debug|Any CPU
		{8472786E-7AB9-F4F7-FDE1-8468FD3B4932}.Release|Any CPU.ActiveCfg = Release|Any CPU
		{8472786E-7AB9-F4F7-FDE1-8468FD3B4932}.Release|Any CPU.Build.0 = Release|Any CPU
		{641B87E6-192F-066B-9A56-58DCDF3CCEE2}.Debug|Any CPU.ActiveCfg = Debug|Any CPU
		{641B87E6-192F-066B-9A56-58DCDF3CCEE2}.Debug|Any CPU.Build.0 = Debug|Any CPU
		{641B87E6-192F-066B-9A56-58DCDF3CCEE2}.Release|Any CPU.ActiveCfg = Release|Any CPU
		{641B87E6-192F-066B-9A56-58DCDF3CCEE2}.Release|Any CPU.Build.0 = Release|Any CPU
		{E5BD8421-DB99-EC91-42DB-5DDDD5627840}.Debug|Any CPU.ActiveCfg = Debug|Any CPU
		{E5BD8421-DB99-EC91-42DB-5DDDD5627840}.Debug|Any CPU.Build.0 = Debug|Any CPU
		{E5BD8421-DB99-EC91-42DB-5DDDD5627840}.Release|Any CPU.ActiveCfg = Release|Any CPU
		{E5BD8421-DB99-EC91-42DB-5DDDD5627840}.Release|Any CPU.Build.0 = Release|Any CPU
		{14B63634-C8AD-380B-C0C0-52768C0DD36B}.Debug|Any CPU.ActiveCfg = Debug|Any CPU
		{14B63634-C8AD-380B-C0C0-52768C0DD36B}.Debug|Any CPU.Build.0 = Debug|Any CPU
		{14B63634-C8AD-380B-C0C0-52768C0DD36B}.Release|Any CPU.ActiveCfg = Release|Any CPU
		{14B63634-C8AD-380B-C0C0-52768C0DD36B}.Release|Any CPU.Build.0 = Release|Any CPU
		{A3589F1C-63E3-6D2E-F53D-56039CDA5B41}.Debug|Any CPU.ActiveCfg = Debug|Any CPU
		{A3589F1C-63E3-6D2E-F53D-56039CDA5B41}.Debug|Any CPU.Build.0 = Debug|Any CPU
		{A3589F1C-63E3-6D2E-F53D-56039CDA5B41}.Release|Any CPU.ActiveCfg = Release|Any CPU
		{A3589F1C-63E3-6D2E-F53D-56039CDA5B41}.Release|Any CPU.Build.0 = Release|Any CPU
		{2D6F113C-608F-45BB-11C9-8A0E54F3F172}.Debug|Any CPU.ActiveCfg = Debug|Any CPU
		{2D6F113C-608F-45BB-11C9-8A0E54F3F172}.Debug|Any CPU.Build.0 = Debug|Any CPU
		{2D6F113C-608F-45BB-11C9-8A0E54F3F172}.Release|Any CPU.ActiveCfg = Release|Any CPU
		{2D6F113C-608F-45BB-11C9-8A0E54F3F172}.Release|Any CPU.Build.0 = Release|Any CPU
		{CD004318-AEBE-8980-0362-FB3C928F7798}.Debug|Any CPU.ActiveCfg = Debug|Any CPU
		{CD004318-AEBE-8980-0362-FB3C928F7798}.Debug|Any CPU.Build.0 = Debug|Any CPU
		{CD004318-AEBE-8980-0362-FB3C928F7798}.Release|Any CPU.ActiveCfg = Release|Any CPU
		{CD004318-AEBE-8980-0362-FB3C928F7798}.Release|Any CPU.Build.0 = Release|Any CPU
		{5DD62DAD-563D-A872-88C7-EC95D1B73A4A}.Debug|Any CPU.ActiveCfg = Debug|Any CPU
		{5DD62DAD-563D-A872-88C7-EC95D1B73A4A}.Debug|Any CPU.Build.0 = Debug|Any CPU
		{5DD62DAD-563D-A872-88C7-EC95D1B73A4A}.Release|Any CPU.ActiveCfg = Release|Any CPU
		{5DD62DAD-563D-A872-88C7-EC95D1B73A4A}.Release|Any CPU.Build.0 = Release|Any CPU
		{E2AC32C5-E666-0C8E-F73C-331324B49486}.Debug|Any CPU.ActiveCfg = Debug|Any CPU
		{E2AC32C5-E666-0C8E-F73C-331324B49486}.Debug|Any CPU.Build.0 = Debug|Any CPU
		{E2AC32C5-E666-0C8E-F73C-331324B49486}.Release|Any CPU.ActiveCfg = Release|Any CPU
		{E2AC32C5-E666-0C8E-F73C-331324B49486}.Release|Any CPU.Build.0 = Release|Any CPU
		{6A75D71D-DF65-ADD2-6D3A-4CD3C14615BF}.Debug|Any CPU.ActiveCfg = Debug|Any CPU
		{6A75D71D-DF65-ADD2-6D3A-4CD3C14615BF}.Debug|Any CPU.Build.0 = Debug|Any CPU
		{6A75D71D-DF65-ADD2-6D3A-4CD3C14615BF}.Release|Any CPU.ActiveCfg = Release|Any CPU
		{6A75D71D-DF65-ADD2-6D3A-4CD3C14615BF}.Release|Any CPU.Build.0 = Release|Any CPU
		{596961D4-2E8D-17CC-C46C-D3BE4936FDC4}.Debug|Any CPU.ActiveCfg = Debug|Any CPU
		{596961D4-2E8D-17CC-C46C-D3BE4936FDC4}.Debug|Any CPU.Build.0 = Debug|Any CPU
		{596961D4-2E8D-17CC-C46C-D3BE4936FDC4}.Release|Any CPU.ActiveCfg = Release|Any CPU
		{596961D4-2E8D-17CC-C46C-D3BE4936FDC4}.Release|Any CPU.Build.0 = Release|Any CPU
		{AF45F06E-0044-6F44-7797-4A36A5E32F54}.Debug|Any CPU.ActiveCfg = Debug|Any CPU
		{AF45F06E-0044-6F44-7797-4A36A5E32F54}.Debug|Any CPU.Build.0 = Debug|Any CPU
		{AF45F06E-0044-6F44-7797-4A36A5E32F54}.Release|Any CPU.ActiveCfg = Release|Any CPU
		{AF45F06E-0044-6F44-7797-4A36A5E32F54}.Release|Any CPU.Build.0 = Release|Any CPU
		{F32E953B-60E2-1841-8B88-705F09ED1909}.Debug|Any CPU.ActiveCfg = Debug|Any CPU
		{F32E953B-60E2-1841-8B88-705F09ED1909}.Debug|Any CPU.Build.0 = Debug|Any CPU
		{F32E953B-60E2-1841-8B88-705F09ED1909}.Release|Any CPU.ActiveCfg = Release|Any CPU
		{F32E953B-60E2-1841-8B88-705F09ED1909}.Release|Any CPU.Build.0 = Release|Any CPU
		{97421D2F-07C4-CEF1-8AE1-CF1099A04203}.Debug|Any CPU.ActiveCfg = Debug|Any CPU
		{97421D2F-07C4-CEF1-8AE1-CF1099A04203}.Debug|Any CPU.Build.0 = Debug|Any CPU
		{97421D2F-07C4-CEF1-8AE1-CF1099A04203}.Release|Any CPU.ActiveCfg = Release|Any CPU
		{97421D2F-07C4-CEF1-8AE1-CF1099A04203}.Release|Any CPU.Build.0 = Release|Any CPU
		{640A31F0-0362-6356-74E3-632BFB03A626}.Debug|Any CPU.ActiveCfg = Debug|Any CPU
		{640A31F0-0362-6356-74E3-632BFB03A626}.Debug|Any CPU.Build.0 = Debug|Any CPU
		{640A31F0-0362-6356-74E3-632BFB03A626}.Release|Any CPU.ActiveCfg = Release|Any CPU
		{640A31F0-0362-6356-74E3-632BFB03A626}.Release|Any CPU.Build.0 = Release|Any CPU
		{54A68207-1216-D43B-7667-A4A8EC138261}.Debug|Any CPU.ActiveCfg = Debug|Any CPU
		{54A68207-1216-D43B-7667-A4A8EC138261}.Debug|Any CPU.Build.0 = Debug|Any CPU
		{54A68207-1216-D43B-7667-A4A8EC138261}.Release|Any CPU.ActiveCfg = Release|Any CPU
		{54A68207-1216-D43B-7667-A4A8EC138261}.Release|Any CPU.Build.0 = Release|Any CPU
		{650D541B-F1D1-DA73-8C66-7C05953AEA87}.Debug|Any CPU.ActiveCfg = Debug|Any CPU
		{650D541B-F1D1-DA73-8C66-7C05953AEA87}.Debug|Any CPU.Build.0 = Debug|Any CPU
		{650D541B-F1D1-DA73-8C66-7C05953AEA87}.Release|Any CPU.ActiveCfg = Release|Any CPU
		{650D541B-F1D1-DA73-8C66-7C05953AEA87}.Release|Any CPU.Build.0 = Release|Any CPU
		{BEB32D99-8E50-C4E8-ACFC-71A442BA1345}.Debug|Any CPU.ActiveCfg = Debug|Any CPU
		{BEB32D99-8E50-C4E8-ACFC-71A442BA1345}.Debug|Any CPU.Build.0 = Debug|Any CPU
		{BEB32D99-8E50-C4E8-ACFC-71A442BA1345}.Release|Any CPU.ActiveCfg = Release|Any CPU
		{BEB32D99-8E50-C4E8-ACFC-71A442BA1345}.Release|Any CPU.Build.0 = Release|Any CPU
		{A119C517-B7E2-09A0-1AEA-5CA8F9A78E25}.Debug|Any CPU.ActiveCfg = Debug|Any CPU
		{A119C517-B7E2-09A0-1AEA-5CA8F9A78E25}.Debug|Any CPU.Build.0 = Debug|Any CPU
		{A119C517-B7E2-09A0-1AEA-5CA8F9A78E25}.Release|Any CPU.ActiveCfg = Release|Any CPU
		{A119C517-B7E2-09A0-1AEA-5CA8F9A78E25}.Release|Any CPU.Build.0 = Release|Any CPU
		{8BBE0F9A-95A2-6D80-B675-9D7C33A90702}.Debug|Any CPU.ActiveCfg = Debug|Any CPU
		{8BBE0F9A-95A2-6D80-B675-9D7C33A90702}.Debug|Any CPU.Build.0 = Debug|Any CPU
		{8BBE0F9A-95A2-6D80-B675-9D7C33A90702}.Release|Any CPU.ActiveCfg = Release|Any CPU
		{8BBE0F9A-95A2-6D80-B675-9D7C33A90702}.Release|Any CPU.Build.0 = Release|Any CPU
		{A8ADAD09-05D2-16AF-3A01-3CCD396B0939}.Debug|Any CPU.ActiveCfg = Debug|Any CPU
		{A8ADAD09-05D2-16AF-3A01-3CCD396B0939}.Debug|Any CPU.Build.0 = Debug|Any CPU
		{A8ADAD09-05D2-16AF-3A01-3CCD396B0939}.Release|Any CPU.ActiveCfg = Release|Any CPU
		{A8ADAD09-05D2-16AF-3A01-3CCD396B0939}.Release|Any CPU.Build.0 = Release|Any CPU
	EndGlobalSection
	GlobalSection(SolutionProperties) = preSolution
		HideSolutionNode = FALSE
	EndGlobalSection
EndGlobal
